<?xml version="1.0" encoding="utf-8"?>
<Project ToolsVersion="4.0" xmlns="http://schemas.microsoft.com/developer/msbuild/2003">
  <ItemGroup>
    <Filter Include="Source Files">
      <UniqueIdentifier>{4FC737F1-C7A5-4376-A066-2A32D752A2FF}</UniqueIdentifier>
      <Extensions>cpp;c;cc;cxx;def;odl;idl;hpj;bat;asm;asmx</Extensions>
    </Filter>
    <Filter Include="Header Files">
      <UniqueIdentifier>{93995380-89BD-4b04-88EB-625FBE52EBFB}</UniqueIdentifier>
      <Extensions>h;hpp;hxx;hm;inl;inc;xsd</Extensions>
    </Filter>
    <Filter Include="Resource Files">
      <UniqueIdentifier>{67DA6AB6-F800-4c08-8B7A-83BB121AAD01}</UniqueIdentifier>
      <Extensions>rc;ico;cur;bmp;dlg;rc2;rct;bin;rgs;gif;jpg;jpeg;jpe;resx;tiff;tif;png;wav;mfcribbon-ms</Extensions>
    </Filter>
  </ItemGroup>
  <ItemGroup>
    <ClInclude Include="Damage.hpp">
      <Filter>Header Files</Filter>
    </ClInclude>
    <ClInclude Include="Actor.hpp">
      <Filter>Header Files</Filter>
    </ClInclude>
    <ClInclude Include="XYPair.hpp">
      <Filter>Header Files</Filter>
    </ClInclude>
    <ClInclude Include="Graphics.hpp">
      <Filter>Header Files</Filter>
    </ClInclude>
    <ClInclude Include="TextType.hpp">
      <Filter>Header Files</Filter>
    </ClInclude>
    <ClInclude Include="Directions.hpp">
      <Filter>Header Files</Filter>
    </ClInclude>
    <ClInclude Include="mt19937int.h">
      <Filter>Header Files</Filter>
    </ClInclude>
    <ClInclude Include="ActorComponent.hpp">
      <Filter>Header Files</Filter>
    </ClInclude>
    <ClInclude Include="main.hpp">
      <Filter>Header Files</Filter>
    </ClInclude>
    <ClInclude Include="Random.hpp">
      <Filter>Header Files</Filter>
    </ClInclude>
    <ClInclude Include="Game.hpp">
      <Filter>Header Files</Filter>
    </ClInclude>
    <ClInclude Include="Color.hpp">
      <Filter>Header Files</Filter>
    </ClInclude>
    <ClInclude Include="IndexedImage.hpp">
      <Filter>Header Files</Filter>
    </ClInclude>
    <ClInclude Include="Movement.hpp">
      <Filter>Header Files</Filter>
    </ClInclude>
    <ClInclude Include="Position.hpp">
      <Filter>Header Files</Filter>
    </ClInclude>
    <ClInclude Include="ActorImages.hpp">
      <Filter>Header Files</Filter>
    </ClInclude>
    <ClInclude Include="ActorCollection.hpp">
      <Filter>Header Files</Filter>
    </ClInclude>
    <ClInclude Include="Tiles.hpp">
      <Filter>Header Files</Filter>
    </ClInclude>
    <ClInclude Include="World.hpp">
      <Filter>Header Files</Filter>
    </ClInclude>
    <ClInclude Include="ActorMovementManager.hpp">
      <Filter>Header Files</Filter>
    </ClInclude>
    <ClInclude Include="LevelCollection.hpp">
      <Filter>Header Files</Filter>
    </ClInclude>
    <ClInclude Include="PressEnterMenu.hpp">
      <Filter>Header Files</Filter>
    </ClInclude>
    <ClInclude Include="PauseScreenMenu.hpp">
      <Filter>Header Files</Filter>
    </ClInclude>
    <ClInclude Include="Screen.hpp">
      <Filter>Header Files</Filter>
    </ClInclude>
    <ClInclude Include="GameScreen.hpp">
      <Filter>Header Files</Filter>
    </ClInclude>
    <ClInclude Include="QuitPromptScreen.hpp">
      <Filter>Header Files</Filter>
    </ClInclude>
    <ClInclude Include="MenuButton.hpp">
      <Filter>Header Files</Filter>
    </ClInclude>
    <ClInclude Include="TalkToActorMenu.hpp">
      <Filter>Header Files</Filter>
    </ClInclude>
    <ClInclude Include="Villager.hpp">
      <Filter>Header Files</Filter>
    </ClInclude>
    <ClInclude Include="Body.hpp">
      <Filter>Header Files</Filter>
    </ClInclude>
    <ClInclude Include="Ai.hpp">
      <Filter>Header Files</Filter>
    </ClInclude>
    <ClInclude Include="LevelTransitionScreen.hpp">
      <Filter>Header Files</Filter>
    </ClInclude>
    <ClInclude Include="Combatant.hpp">
      <Filter>Header Files</Filter>
    </ClInclude>
    <ClInclude Include="BodyParts.hpp">
      <Filter>Header Files</Filter>
    </ClInclude>
    <ClInclude Include="AttackAndAbilityTypes.hpp">
      <Filter>Header Files</Filter>
    </ClInclude>
    <ClInclude Include="ActorStatusEffects.hpp">
      <Filter>Header Files</Filter>
    </ClInclude>
    <ClInclude Include="MessageQueue.hpp">
      <Filter>Header Files</Filter>
    </ClInclude>
    <ClInclude Include="SplitString.hpp">
      <Filter>Header Files</Filter>
    </ClInclude>
    <ClInclude Include="CombatEvent.hpp">
      <Filter>Header Files</Filter>
    </ClInclude>
    <ClInclude Include="Species.hpp">
      <Filter>Header Files</Filter>
    </ClInclude>
    <ClInclude Include="Item.hpp">
      <Filter>Header Files</Filter>
    </ClInclude>
    <ClInclude Include="CombatUserInterface.hpp">
      <Filter>Header Files</Filter>
    </ClInclude>
    <ClInclude Include="ItemTypes.hpp">
      <Filter>Header Files</Filter>
    </ClInclude>
    <ClInclude Include="CombatSystem.hpp">
      <Filter>Header Files</Filter>
    </ClInclude>
    <ClInclude Include="Items.hpp">
      <Filter>Header Files</Filter>
    </ClInclude>
  </ItemGroup>
  <ItemGroup>
    <ClCompile Include="main.cpp">
      <Filter>Source Files</Filter>
    </ClCompile>
    <ClCompile Include="Directions.cpp">
      <Filter>Source Files</Filter>
    </ClCompile>
    <ClCompile Include="Random.cpp">
      <Filter>Source Files</Filter>
    </ClCompile>
    <ClCompile Include="Game.cpp">
      <Filter>Source Files</Filter>
    </ClCompile>
    <ClCompile Include="Graphics.cpp">
      <Filter>Source Files</Filter>
    </ClCompile>
    <ClCompile Include="TextType.cpp">
      <Filter>Source Files</Filter>
    </ClCompile>
    <ClCompile Include="Color.cpp">
      <Filter>Source Files</Filter>
    </ClCompile>
    <ClCompile Include="Movement.cpp">
      <Filter>Source Files</Filter>
    </ClCompile>
    <ClCompile Include="Position.cpp">
      <Filter>Source Files</Filter>
    </ClCompile>
    <ClCompile Include="ActorImages.cpp">
      <Filter>Source Files</Filter>
    </ClCompile>
    <ClCompile Include="Actor.cpp">
      <Filter>Source Files</Filter>
    </ClCompile>
    <ClCompile Include="ActorCollection.cpp">
      <Filter>Source Files</Filter>
    </ClCompile>
    <ClCompile Include="World.cpp">
      <Filter>Source Files</Filter>
    </ClCompile>
    <ClCompile Include="ActorMovementManager.cpp">
      <Filter>Source Files</Filter>
    </ClCompile>
    <ClCompile Include="PressEnterMenu.cpp">
      <Filter>Source Files</Filter>
    </ClCompile>
    <ClCompile Include="PauseScreenMenu.cpp">
      <Filter>Source Files</Filter>
    </ClCompile>
    <ClCompile Include="GameScreen.cpp">
      <Filter>Source Files</Filter>
    </ClCompile>
    <ClCompile Include="QuitPromptScreen.cpp">
      <Filter>Source Files</Filter>
    </ClCompile>
    <ClCompile Include="MenuButton.cpp">
      <Filter>Source Files</Filter>
    </ClCompile>
    <ClCompile Include="LevelCollection.cpp">
      <Filter>Source Files</Filter>
    </ClCompile>
    <ClCompile Include="TalkToActorMenu.cpp">
      <Filter>Source Files</Filter>
    </ClCompile>
    <ClCompile Include="Villager.cpp">
      <Filter>Source Files</Filter>
    </ClCompile>
    <ClCompile Include="Body.cpp">
      <Filter>Source Files</Filter>
    </ClCompile>
    <ClCompile Include="Ai.cpp">
      <Filter>Source Files</Filter>
    </ClCompile>
    <ClCompile Include="LevelTransitionScreen.cpp">
      <Filter>Source Files</Filter>
    </ClCompile>
    <ClCompile Include="Combatant.cpp">
      <Filter>Source Files</Filter>
    </ClCompile>
    <ClCompile Include="BodyParts.cpp">
      <Filter>Source Files</Filter>
    </ClCompile>
    <ClCompile Include="MessageQueue.cpp">
      <Filter>Source Files</Filter>
    </ClCompile>
    <ClCompile Include="Species.cpp">
      <Filter>Source Files</Filter>
    </ClCompile>
    <ClCompile Include="Item.cpp">
      <Filter>Source Files</Filter>
    </ClCompile>
    <ClCompile Include="CombatUserInterface.cpp">
      <Filter>Source Files</Filter>
    </ClCompile>
    <ClCompile Include="ItemTypes.cpp">
      <Filter>Source Files</Filter>
    </ClCompile>
    <ClCompile Include="CombatSystem.cpp">
      <Filter>Source Files</Filter>
    </ClCompile>
    <ClCompile Include="Items.cpp">
      <Filter>Source Files</Filter>
    </ClCompile>
  </ItemGroup>
</Project>